
Microsoft Visual Studio Solution File, Format Version 12.00
# Visual Studio 2012
Project("{FAE04EC0-301F-11D3-BF4B-00C04F79EFBC}") = "Bounced Check Manager", "Bounced Check Manager\Bounced Check Manager.csproj", "{F8BBD19A-6057-46EF-9276-BF80000D125C}"
EndProject
Global
	GlobalSection(SolutionConfigurationPlatforms) = preSolution
		Debug|Any CPU = Debug|Any CPU
		Release|Any CPU = Release|Any CPU
	EndGlobalSection
	GlobalSection(ProjectConfigurationPlatforms) = postSolution
		{F8BBD19A-6057-46EF-9276-BF80000D125C}.Debug|Any CPU.ActiveCfg = Debug|Any CPU
		{F8BBD19A-6057-46EF-9276-BF80000D125C}.Debug|Any CPU.Build.0 = Debug|Any CPU
		{F8BBD19A-6057-46EF-9276-BF80000D125C}.Release|Any CPU.ActiveCfg = Release|Any CPU
		{F8BBD19A-6057-46EF-9276-BF80000D125C}.Release|Any CPU.Build.0 = Release|Any CPU
	EndGlobalSection
	GlobalSection(SolutionProperties) = preSolution
		HideSolutionNode = FALSE
	EndGlobalSection
EndGlobal
